
Microsoft Visual Studio Solution File, Format Version 12.00
# Visual Studio 14
VisualStudioVersion = 14.0.24720.0
MinimumVisualStudioVersion = 10.0.40219.1
Project("{8BC9CEB8-8B4A-11D0-8D11-00A0C91BC942}") = "LabProject00", "LabProject00\LabProject00.vcxproj", "{0FB532D8-9C0A-48AE-8384-251B8BCF8A60}"
EndProject
Project("{8BC9CEB8-8B4A-11D0-8D11-00A0C91BC942}") = "LabProject01", "LabProject01\LabProject01.vcxproj", "{476C88CF-1FA0-4048-BA7E-BBA9784B8953}"
EndProject
Project("{8BC9CEB8-8B4A-11D0-8D11-00A0C91BC942}") = "LabProject02", "LabProject02\LabProject02.vcxproj", "{5002971B-9F3F-44A1-9A63-0317B160BE40}"
EndProject
Project("{8BC9CEB8-8B4A-11D0-8D11-00A0C91BC942}") = "LabProject03", "LabProject03\LabProject03.vcxproj", "{10631111-0C17-4596-8196-6EA835E3178D}"
EndProject
Project("{8BC9CEB8-8B4A-11D0-8D11-00A0C91BC942}") = "LabProject04", "LabProject04\LabProject04.vcxproj", "{8E2303FF-8063-4C64-875A-D89501DFC0BA}"
EndProject
Global
	GlobalSection(SolutionConfigurationPlatforms) = preSolution
		Debug|x64 = Debug|x64
		Debug|x86 = Debug|x86
		Release|x64 = Release|x64
		Release|x86 = Release|x86
	EndGlobalSection
	GlobalSection(ProjectConfigurationPlatforms) = postSolution
		{0FB532D8-9C0A-48AE-8384-251B8BCF8A60}.Debug|x64.ActiveCfg = Debug|x64
		{0FB532D8-9C0A-48AE-8384-251B8BCF8A60}.Debug|x64.Build.0 = Debug|x64
		{0FB532D8-9C0A-48AE-8384-251B8BCF8A60}.Debug|x86.ActiveCfg = Debug|Win32
		{0FB532D8-9C0A-48AE-8384-251B8BCF8A60}.Debug|x86.Build.0 = Debug|Win32
		{0FB532D8-9C0A-48AE-8384-251B8BCF8A60}.Release|x64.ActiveCfg = Release|x64
		{0FB532D8-9C0A-48AE-8384-251B8BCF8A60}.Release|x64.Build.0 = Release|x64
		{0FB532D8-9C0A-48AE-8384-251B8BCF8A60}.Release|x86.ActiveCfg = Release|Win32
		{0FB532D8-9C0A-48AE-8384-251B8BCF8A60}.Release|x86.Build.0 = Release|Win32
		{476C88CF-1FA0-4048-BA7E-BBA9784B8953}.Debug|x64.ActiveCfg = Debug|x64
		{476C88CF-1FA0-4048-BA7E-BBA9784B8953}.Debug|x64.Build.0 = Debug|x64
		{476C88CF-1FA0-4048-BA7E-BBA9784B8953}.Debug|x86.ActiveCfg = Debug|Win32
		{476C88CF-1FA0-4048-BA7E-BBA9784B8953}.Debug|x86.Build.0 = Debug|Win32
		{476C88CF-1FA0-4048-BA7E-BBA9784B8953}.Release|x64.ActiveCfg = Release|x64
		{476C88CF-1FA0-4048-BA7E-BBA9784B8953}.Release|x64.Build.0 = Release|x64
		{476C88CF-1FA0-4048-BA7E-BBA9784B8953}.Release|x86.ActiveCfg = Release|Win32
		{476C88CF-1FA0-4048-BA7E-BBA9784B8953}.Release|x86.Build.0 = Release|Win32
		{5002971B-9F3F-44A1-9A63-0317B160BE40}.Debug|x64.ActiveCfg = Debug|x64
		{5002971B-9F3F-44A1-9A63-0317B160BE40}.Debug|x64.Build.0 = Debug|x64
		{5002971B-9F3F-44A1-9A63-0317B160BE40}.Debug|x86.ActiveCfg = Debug|Win32
		{5002971B-9F3F-44A1-9A63-0317B160BE40}.Debug|x86.Build.0 = Debug|Win32
		{5002971B-9F3F-44A1-9A63-0317B160BE40}.Release|x64.ActiveCfg = Release|x64
		{5002971B-9F3F-44A1-9A63-0317B160BE40}.Release|x64.Build.0 = Release|x64
		{5002971B-9F3F-44A1-9A63-0317B160BE40}.Release|x86.ActiveCfg = Release|Win32
		{5002971B-9F3F-44A1-9A63-0317B160BE40}.Release|x86.Build.0 = Release|Win32
		{10631111-0C17-4596-8196-6EA835E3178D}.Debug|x64.ActiveCfg = Debug|x64
		{10631111-0C17-4596-8196-6EA835E3178D}.Debug|x64.Build.0 = Debug|x64
		{10631111-0C17-4596-8196-6EA835E3178D}.Debug|x86.ActiveCfg = Debug|Win32
		{10631111-0C17-4596-8196-6EA835E3178D}.Debug|x86.Build.0 = Debug|Win32
		{10631111-0C17-4596-8196-6EA835E3178D}.Release|x64.ActiveCfg = Release|x64
		{10631111-0C17-4596-8196-6EA835E3178D}.Release|x64.Build.0 = Release|x64
		{10631111-0C17-4596-8196-6EA835E3178D}.Release|x86.ActiveCfg = Release|Win32
		{10631111-0C17-4596-8196-6EA835E3178D}.Release|x86.Build.0 = Release|Win32
		{8E2303FF-8063-4C64-875A-D89501DFC0BA}.Debug|x64.ActiveCfg = Debug|x64
		{8E2303FF-8063-4C64-875A-D89501DFC0BA}.Debug|x64.Build.0 = Debug|x64
		{8E2303FF-8063-4C64-875A-D89501DFC0BA}.Debug|x86.ActiveCfg = Debug|Win32
		{8E2303FF-8063-4C64-875A-D89501DFC0BA}.Debug|x86.Build.0 = Debug|Win32
		{8E2303FF-8063-4C64-875A-D89501DFC0BA}.Release|x64.ActiveCfg = Release|x64
		{8E2303FF-8063-4C64-875A-D89501DFC0BA}.Release|x64.Build.0 = Release|x64
		{8E2303FF-8063-4C64-875A-D89501DFC0BA}.Release|x86.ActiveCfg = Release|Win32
		{8E2303FF-8063-4C64-875A-D89501DFC0BA}.Release|x86.Build.0 = Release|Win32
	EndGlobalSection
	GlobalSection(SolutionProperties) = preSolution
		HideSolutionNode = FALSE
	EndGlobalSection
EndGlobal
