
Microsoft Visual Studio Solution File, Format Version 12.00
# Visual Studio 14
VisualStudioVersion = 14.0.24720.0
MinimumVisualStudioVersion = 10.0.40219.1
Project("{8BC9CEB8-8B4A-11D0-8D11-00A0C91BC942}") = "LabProject00", "LabProject00\LabProject00.vcxproj", "{0FB532D8-9C0A-48AE-8384-251B8BCF8A60}"
EndProject
Project("{8BC9CEB8-8B4A-11D0-8D11-00A0C91BC942}") = "LabProject01", "LabProject01\LabProject01.vcxproj", "{476C88CF-1FA0-4048-BA7E-BBA9784B8953}"
EndProject
Project("{8BC9CEB8-8B4A-11D0-8D11-00A0C91BC942}") = "LabProject02", "LabProject02\LabProject02.vcxproj", "{5002971B-9F3F-44A1-9A63-0317B160BE40}"
EndProject
Project("{8BC9CEB8-8B4A-11D0-8D11-00A0C91BC942}") = "LabProject03", "LabProject03\LabProject03.vcxproj", "{10631111-0C17-4596-8196-6EA835E3178D}"
EndProject
Project("{8BC9CEB8-8B4A-11D0-8D11-00A0C91BC942}") = "LabProject04", "LabProject04\LabProject04.vcxproj", "{8E2303FF-8063-4C64-875A-D89501DFC0BA}"
EndProject
Project("{8BC9CEB8-8B4A-11D0-8D11-00A0C91BC942}") = "LabProject05", "LabProject05\LabProject05.vcxproj", "{7AC78E95-9E39-432B-B48C-AEC386EB3FEB}"
EndProject
Project("{8BC9CEB8-8B4A-11D0-8D11-00A0C91BC942}") = "LabProject05-1", "LabProject05-1\LabProject05-1.vcxproj", "{19DB9E6F-EA64-45FE-A79C-EB8A39D68320}"
EndProject
Project("{8BC9CEB8-8B4A-11D0-8D11-00A0C91BC942}") = "LabProject05-1-0", "LabProject05-1-0\LabProject05-1-0.vcxproj", "{B6404467-52D0-4447-BAC2-DEFBE18EA669}"
EndProject
Project("{8BC9CEB8-8B4A-11D0-8D11-00A0C91BC942}") = "LabProject05-2", "LabProject05-2\LabProject05-2.vcxproj", "{AE5510CC-5484-40B6-A6F7-0D4ECF617D4F}"
EndProject
Project("{8BC9CEB8-8B4A-11D0-8D11-00A0C91BC942}") = "LabProject05-3", "LabProject05-3\LabProject05-3.vcxproj", "{E2792774-44AD-4FA7-B3B1-BC05427303CE}"
EndProject
Project("{8BC9CEB8-8B4A-11D0-8D11-00A0C91BC942}") = "LabProject06", "LabProject06\LabProject06.vcxproj", "{8327B573-C479-48DB-97AB-7CC858D26C33}"
EndProject
Project("{8BC9CEB8-8B4A-11D0-8D11-00A0C91BC942}") = "LabProject07", "LabProject07\LabProject07.vcxproj", "{9C7A8C17-4C20-4660-9A65-ADB75039DDB5}"
EndProject
Project("{8BC9CEB8-8B4A-11D0-8D11-00A0C91BC942}") = "LabProject07-0", "LabProject07-0\LabProject07-0.vcxproj", "{5441B94C-4A71-45FC-A8FE-080921D53ECA}"
EndProject
Project("{8BC9CEB8-8B4A-11D0-8D11-00A0C91BC942}") = "LabProject07-1", "LabProject07-1\LabProject07-1.vcxproj", "{A1B820B1-06FA-41C1-99FC-1F96161F397E}"
EndProject
Global
	GlobalSection(SolutionConfigurationPlatforms) = preSolution
		Debug|x64 = Debug|x64
		Debug|x86 = Debug|x86
		Release|x64 = Release|x64
		Release|x86 = Release|x86
	EndGlobalSection
	GlobalSection(ProjectConfigurationPlatforms) = postSolution
		{0FB532D8-9C0A-48AE-8384-251B8BCF8A60}.Debug|x64.ActiveCfg = Debug|x64
		{0FB532D8-9C0A-48AE-8384-251B8BCF8A60}.Debug|x64.Build.0 = Debug|x64
		{0FB532D8-9C0A-48AE-8384-251B8BCF8A60}.Debug|x86.ActiveCfg = Debug|Win32
		{0FB532D8-9C0A-48AE-8384-251B8BCF8A60}.Debug|x86.Build.0 = Debug|Win32
		{0FB532D8-9C0A-48AE-8384-251B8BCF8A60}.Release|x64.ActiveCfg = Release|x64
		{0FB532D8-9C0A-48AE-8384-251B8BCF8A60}.Release|x64.Build.0 = Release|x64
		{0FB532D8-9C0A-48AE-8384-251B8BCF8A60}.Release|x86.ActiveCfg = Release|Win32
		{0FB532D8-9C0A-48AE-8384-251B8BCF8A60}.Release|x86.Build.0 = Release|Win32
		{476C88CF-1FA0-4048-BA7E-BBA9784B8953}.Debug|x64.ActiveCfg = Debug|x64
		{476C88CF-1FA0-4048-BA7E-BBA9784B8953}.Debug|x64.Build.0 = Debug|x64
		{476C88CF-1FA0-4048-BA7E-BBA9784B8953}.Debug|x86.ActiveCfg = Debug|Win32
		{476C88CF-1FA0-4048-BA7E-BBA9784B8953}.Debug|x86.Build.0 = Debug|Win32
		{476C88CF-1FA0-4048-BA7E-BBA9784B8953}.Release|x64.ActiveCfg = Release|x64
		{476C88CF-1FA0-4048-BA7E-BBA9784B8953}.Release|x64.Build.0 = Release|x64
		{476C88CF-1FA0-4048-BA7E-BBA9784B8953}.Release|x86.ActiveCfg = Release|Win32
		{476C88CF-1FA0-4048-BA7E-BBA9784B8953}.Release|x86.Build.0 = Release|Win32
		{5002971B-9F3F-44A1-9A63-0317B160BE40}.Debug|x64.ActiveCfg = Debug|x64
		{5002971B-9F3F-44A1-9A63-0317B160BE40}.Debug|x64.Build.0 = Debug|x64
		{5002971B-9F3F-44A1-9A63-0317B160BE40}.Debug|x86.ActiveCfg = Debug|Win32
		{5002971B-9F3F-44A1-9A63-0317B160BE40}.Debug|x86.Build.0 = Debug|Win32
		{5002971B-9F3F-44A1-9A63-0317B160BE40}.Release|x64.ActiveCfg = Release|x64
		{5002971B-9F3F-44A1-9A63-0317B160BE40}.Release|x64.Build.0 = Release|x64
		{5002971B-9F3F-44A1-9A63-0317B160BE40}.Release|x86.ActiveCfg = Release|Win32
		{5002971B-9F3F-44A1-9A63-0317B160BE40}.Release|x86.Build.0 = Release|Win32
		{10631111-0C17-4596-8196-6EA835E3178D}.Debug|x64.ActiveCfg = Debug|x64
		{10631111-0C17-4596-8196-6EA835E3178D}.Debug|x64.Build.0 = Debug|x64
		{10631111-0C17-4596-8196-6EA835E3178D}.Debug|x86.ActiveCfg = Debug|Win32
		{10631111-0C17-4596-8196-6EA835E3178D}.Debug|x86.Build.0 = Debug|Win32
		{10631111-0C17-4596-8196-6EA835E3178D}.Release|x64.ActiveCfg = Release|x64
		{10631111-0C17-4596-8196-6EA835E3178D}.Release|x64.Build.0 = Release|x64
		{10631111-0C17-4596-8196-6EA835E3178D}.Release|x86.ActiveCfg = Release|Win32
		{10631111-0C17-4596-8196-6EA835E3178D}.Release|x86.Build.0 = Release|Win32
		{8E2303FF-8063-4C64-875A-D89501DFC0BA}.Debug|x64.ActiveCfg = Debug|x64
		{8E2303FF-8063-4C64-875A-D89501DFC0BA}.Debug|x64.Build.0 = Debug|x64
		{8E2303FF-8063-4C64-875A-D89501DFC0BA}.Debug|x86.ActiveCfg = Debug|Win32
		{8E2303FF-8063-4C64-875A-D89501DFC0BA}.Debug|x86.Build.0 = Debug|Win32
		{8E2303FF-8063-4C64-875A-D89501DFC0BA}.Release|x64.ActiveCfg = Release|x64
		{8E2303FF-8063-4C64-875A-D89501DFC0BA}.Release|x64.Build.0 = Release|x64
		{8E2303FF-8063-4C64-875A-D89501DFC0BA}.Release|x86.ActiveCfg = Release|Win32
		{8E2303FF-8063-4C64-875A-D89501DFC0BA}.Release|x86.Build.0 = Release|Win32
		{7AC78E95-9E39-432B-B48C-AEC386EB3FEB}.Debug|x64.ActiveCfg = Debug|x64
		{7AC78E95-9E39-432B-B48C-AEC386EB3FEB}.Debug|x64.Build.0 = Debug|x64
		{7AC78E95-9E39-432B-B48C-AEC386EB3FEB}.Debug|x86.ActiveCfg = Debug|Win32
		{7AC78E95-9E39-432B-B48C-AEC386EB3FEB}.Debug|x86.Build.0 = Debug|Win32
		{7AC78E95-9E39-432B-B48C-AEC386EB3FEB}.Release|x64.ActiveCfg = Release|x64
		{7AC78E95-9E39-432B-B48C-AEC386EB3FEB}.Release|x64.Build.0 = Release|x64
		{7AC78E95-9E39-432B-B48C-AEC386EB3FEB}.Release|x86.ActiveCfg = Release|Win32
		{7AC78E95-9E39-432B-B48C-AEC386EB3FEB}.Release|x86.Build.0 = Release|Win32
		{19DB9E6F-EA64-45FE-A79C-EB8A39D68320}.Debug|x64.ActiveCfg = Debug|x64
		{19DB9E6F-EA64-45FE-A79C-EB8A39D68320}.Debug|x64.Build.0 = Debug|x64
		{19DB9E6F-EA64-45FE-A79C-EB8A39D68320}.Debug|x86.ActiveCfg = Debug|Win32
		{19DB9E6F-EA64-45FE-A79C-EB8A39D68320}.Debug|x86.Build.0 = Debug|Win32
		{19DB9E6F-EA64-45FE-A79C-EB8A39D68320}.Release|x64.ActiveCfg = Release|x64
		{19DB9E6F-EA64-45FE-A79C-EB8A39D68320}.Release|x64.Build.0 = Release|x64
		{19DB9E6F-EA64-45FE-A79C-EB8A39D68320}.Release|x86.ActiveCfg = Release|Win32
		{19DB9E6F-EA64-45FE-A79C-EB8A39D68320}.Release|x86.Build.0 = Release|Win32
		{B6404467-52D0-4447-BAC2-DEFBE18EA669}.Debug|x64.ActiveCfg = Debug|x64
		{B6404467-52D0-4447-BAC2-DEFBE18EA669}.Debug|x64.Build.0 = Debug|x64
		{B6404467-52D0-4447-BAC2-DEFBE18EA669}.Debug|x86.ActiveCfg = Debug|Win32
		{B6404467-52D0-4447-BAC2-DEFBE18EA669}.Debug|x86.Build.0 = Debug|Win32
		{B6404467-52D0-4447-BAC2-DEFBE18EA669}.Release|x64.ActiveCfg = Release|x64
		{B6404467-52D0-4447-BAC2-DEFBE18EA669}.Release|x64.Build.0 = Release|x64
		{B6404467-52D0-4447-BAC2-DEFBE18EA669}.Release|x86.ActiveCfg = Release|Win32
		{B6404467-52D0-4447-BAC2-DEFBE18EA669}.Release|x86.Build.0 = Release|Win32
		{AE5510CC-5484-40B6-A6F7-0D4ECF617D4F}.Debug|x64.ActiveCfg = Debug|x64
		{AE5510CC-5484-40B6-A6F7-0D4ECF617D4F}.Debug|x64.Build.0 = Debug|x64
		{AE5510CC-5484-40B6-A6F7-0D4ECF617D4F}.Debug|x86.ActiveCfg = Debug|Win32
		{AE5510CC-5484-40B6-A6F7-0D4ECF617D4F}.Debug|x86.Build.0 = Debug|Win32
		{AE5510CC-5484-40B6-A6F7-0D4ECF617D4F}.Release|x64.ActiveCfg = Release|x64
		{AE5510CC-5484-40B6-A6F7-0D4ECF617D4F}.Release|x64.Build.0 = Release|x64
		{AE5510CC-5484-40B6-A6F7-0D4ECF617D4F}.Release|x86.ActiveCfg = Release|Win32
		{AE5510CC-5484-40B6-A6F7-0D4ECF617D4F}.Release|x86.Build.0 = Release|Win32
		{E2792774-44AD-4FA7-B3B1-BC05427303CE}.Debug|x64.ActiveCfg = Debug|x64
		{E2792774-44AD-4FA7-B3B1-BC05427303CE}.Debug|x64.Build.0 = Debug|x64
		{E2792774-44AD-4FA7-B3B1-BC05427303CE}.Debug|x86.ActiveCfg = Debug|Win32
		{E2792774-44AD-4FA7-B3B1-BC05427303CE}.Debug|x86.Build.0 = Debug|Win32
		{E2792774-44AD-4FA7-B3B1-BC05427303CE}.Release|x64.ActiveCfg = Release|x64
		{E2792774-44AD-4FA7-B3B1-BC05427303CE}.Release|x64.Build.0 = Release|x64
		{E2792774-44AD-4FA7-B3B1-BC05427303CE}.Release|x86.ActiveCfg = Release|Win32
		{E2792774-44AD-4FA7-B3B1-BC05427303CE}.Release|x86.Build.0 = Release|Win32
		{8327B573-C479-48DB-97AB-7CC858D26C33}.Debug|x64.ActiveCfg = Debug|x64
		{8327B573-C479-48DB-97AB-7CC858D26C33}.Debug|x64.Build.0 = Debug|x64
		{8327B573-C479-48DB-97AB-7CC858D26C33}.Debug|x86.ActiveCfg = Debug|Win32
		{8327B573-C479-48DB-97AB-7CC858D26C33}.Debug|x86.Build.0 = Debug|Win32
		{8327B573-C479-48DB-97AB-7CC858D26C33}.Release|x64.ActiveCfg = Release|x64
		{8327B573-C479-48DB-97AB-7CC858D26C33}.Release|x64.Build.0 = Release|x64
		{8327B573-C479-48DB-97AB-7CC858D26C33}.Release|x86.ActiveCfg = Release|Win32
		{8327B573-C479-48DB-97AB-7CC858D26C33}.Release|x86.Build.0 = Release|Win32
		{9C7A8C17-4C20-4660-9A65-ADB75039DDB5}.Debug|x64.ActiveCfg = Debug|x64
		{9C7A8C17-4C20-4660-9A65-ADB75039DDB5}.Debug|x64.Build.0 = Debug|x64
		{9C7A8C17-4C20-4660-9A65-ADB75039DDB5}.Debug|x86.ActiveCfg = Debug|Win32
		{9C7A8C17-4C20-4660-9A65-ADB75039DDB5}.Debug|x86.Build.0 = Debug|Win32
		{9C7A8C17-4C20-4660-9A65-ADB75039DDB5}.Release|x64.ActiveCfg = Release|x64
		{9C7A8C17-4C20-4660-9A65-ADB75039DDB5}.Release|x64.Build.0 = Release|x64
		{9C7A8C17-4C20-4660-9A65-ADB75039DDB5}.Release|x86.ActiveCfg = Release|Win32
		{9C7A8C17-4C20-4660-9A65-ADB75039DDB5}.Release|x86.Build.0 = Release|Win32
		{5441B94C-4A71-45FC-A8FE-080921D53ECA}.Debug|x64.ActiveCfg = Debug|x64
		{5441B94C-4A71-45FC-A8FE-080921D53ECA}.Debug|x64.Build.0 = Debug|x64
		{5441B94C-4A71-45FC-A8FE-080921D53ECA}.Debug|x86.ActiveCfg = Debug|Win32
		{5441B94C-4A71-45FC-A8FE-080921D53ECA}.Debug|x86.Build.0 = Debug|Win32
		{5441B94C-4A71-45FC-A8FE-080921D53ECA}.Release|x64.ActiveCfg = Release|x64
		{5441B94C-4A71-45FC-A8FE-080921D53ECA}.Release|x64.Build.0 = Release|x64
		{5441B94C-4A71-45FC-A8FE-080921D53ECA}.Release|x86.ActiveCfg = Release|Win32
		{5441B94C-4A71-45FC-A8FE-080921D53ECA}.Release|x86.Build.0 = Release|Win32
		{A1B820B1-06FA-41C1-99FC-1F96161F397E}.Debug|x64.ActiveCfg = Debug|x64
		{A1B820B1-06FA-41C1-99FC-1F96161F397E}.Debug|x64.Build.0 = Debug|x64
		{A1B820B1-06FA-41C1-99FC-1F96161F397E}.Debug|x86.ActiveCfg = Debug|Win32
		{A1B820B1-06FA-41C1-99FC-1F96161F397E}.Debug|x86.Build.0 = Debug|Win32
		{A1B820B1-06FA-41C1-99FC-1F96161F397E}.Release|x64.ActiveCfg = Release|x64
		{A1B820B1-06FA-41C1-99FC-1F96161F397E}.Release|x64.Build.0 = Release|x64
		{A1B820B1-06FA-41C1-99FC-1F96161F397E}.Release|x86.ActiveCfg = Release|Win32
		{A1B820B1-06FA-41C1-99FC-1F96161F397E}.Release|x86.Build.0 = Release|Win32
	EndGlobalSection
	GlobalSection(SolutionProperties) = preSolution
		HideSolutionNode = FALSE
	EndGlobalSection
EndGlobal
